Microsoft Visual Studio Solution File, Format Version 12.00
# Visual Studio Version 17
VisualStudioVersion = 17.5.2.0
MinimumVisualStudioVersion = 10.0.40219.1
Project("{FAE04EC0-301F-11D3-BF4B-00C04F79EFBC}") = "SP.RBAC.API", "sp.rbac.api\SP.RBAC.API.csproj", "{A77C451F-BBCD-9669-65FD-6E40119A8A19}"
EndProject
Global
	GlobalSection(SolutionConfigurationPlatforms) = preSolution
		Debug|Any CPU = Debug|Any CPU
		Release|Any CPU = Release|Any CPU
	EndGlobalSection
	GlobalSection(ProjectConfigurationPlatforms) = postSolution
		{A77C451F-BBCD-9669-65FD-6E40119A8A19}.Debug|Any CPU.ActiveCfg = Debug|Any CPU
		{A77C451F-BBCD-9669-65FD-6E40119A8A19}.Debug|Any CPU.Build.0 = Debug|Any CPU
		{A77C451F-BBCD-9669-65FD-6E40119A8A19}.Release|Any CPU.ActiveCfg = Release|Any CPU
		{A77C451F-BBCD-9669-65FD-6E40119A8A19}.Release|Any CPU.Build.0 = Release|Any CPU
	EndGlobalSection
	GlobalSection(SolutionProperties) = preSolution
		HideSolutionNode = FALSE
	EndGlobalSection
	GlobalSection(ExtensibilityGlobals) = postSolution
		SolutionGuid = {217CDCED-A0B0-4543-8445-9AF990C55FFF}
	EndGlobalSection
EndGlobal
